// !$*UTF8*$!
{
	archiveVersion = 1;
	classes = {
	};
	objectVersion = 46;
	objects = {

/* Begin PBXBuildFile section */
		7218D5F11CE62ED000D23EC9 /* AppDelegate.swift in Sources */ = {isa = PBXBuildFile; fileRef = 7218D5F01CE62ED000D23EC9 /* AppDelegate.swift */; };
		7218D5F31CE62ED000D23EC9 /* ViewController.swift in Sources */ = {isa = PBXBuildFile; fileRef = 7218D5F21CE62ED000D23EC9 /* ViewController.swift */; };
		7218D5F61CE62ED000D23EC9 /* Main.storyboard in Resources */ = {isa = PBXBuildFile; fileRef = 7218D5F41CE62ED000D23EC9 /* Main.storyboard */; };
		7218D5F81CE62ED000D23EC9 /* Assets.xcassets in Resources */ = {isa = PBXBuildFile; fileRef = 7218D5F71CE62ED000D23EC9 /* Assets.xcassets */; };
		7218D5FB1CE62ED000D23EC9 /* LaunchScreen.storyboard in Resources */ = {isa = PBXBuildFile; fileRef = 7218D5F91CE62ED000D23EC9 /* LaunchScreen.storyboard */; };
		723FA45A1CED56C200A2075F /* CustomTextFieldDelegate.swift in Sources */ = {isa = PBXBuildFile; fileRef = 723FA4591CED56C200A2075F /* CustomTextFieldDelegate.swift */; };
/* End PBXBuildFile section */

/* Begin PBXFileReference section */
		7218D5ED1CE62ED000D23EC9 /* MemeMe.app */ = {isa = PBXFileReference; explicitFileType = wrapper.application; includeInIndex = 0; path = MemeMe.app; sourceTree = BUILT_PRODUCTS_DIR; };
		7218D5F01CE62ED000D23EC9 /* AppDelegate.swift */ = {isa = PBXFileReference; lastKnownFileType = sourcecode.swift; path = AppDelegate.swift; sourceTree = "<group>"; };
		7218D5F21CE62ED000D23EC9 /* ViewController.swift */ = {isa = PBXFileReference; lastKnownFileType = sourcecode.swift; path = ViewController.swift; sourceTree = "<group>"; };
		7218D5F51CE62ED000D23EC9 /* Base */ = {isa = PBXFileReference; lastKnownFileType = file.storyboard; name = Base; path = Base.lproj/Main.storyboard; sourceTree = "<group>"; };
		7218D5F71CE62ED000D23EC9 /* Assets.xcassets */ = {isa = PBXFileReference; lastKnownFileType = folder.assetcatalog; path = Assets.xcassets; sourceTree = "<group>"; };
		7218D5FA1CE62ED000D23EC9 /* Base */ = {isa = PBXFileReference; lastKnownFileType = file.storyboard; name = Base; path = Base.lproj/LaunchScreen.storyboard; sourceTree = "<group>"; };
		7218D5FC1CE62ED000D23EC9 /* Info.plist */ = {isa = PBXFileReference; lastKnownFileType = text.plist.xml; path = Info.plist; sourceTree = "<group>"; };
		723FA4591CED56C200A2075F /* CustomTextFieldDelegate.swift */ = {isa = PBXFileReference; fileEncoding = 4; lastKnownFileType = sourcecode.swift; path = CustomTextFieldDelegate.swift; sourceTree = "<group>"; };
/* End PBXFileReference section */

/* Begin PBXFrameworksBuildPhase section */
		7218D5EA1CE62ED000D23EC9 /* Frameworks */ = {
			isa = PBXFrameworksBuildPhase;
			buildActionMask = 2147483647;
			files = (
			);
			runOnlyForDeploymentPostprocessing = 0;
		};
/* End PBXFrameworksBuildPhase section */

/* Begin PBXGroup section */
		7218D5E41CE62ED000D23EC9 = {
			isa = PBXGroup;
			children = (
				7218D5EF1CE62ED000D23EC9 /* MemeMe */,
				7218D5EE1CE62ED000D23EC9 /* Products */,
			);
			sourceTree = "<group>";
		};
		7218D5EE1CE62ED000D23EC9 /* Products */ = {
			isa = PBXGroup;
			children = (
				7218D5ED1CE62ED000D23EC9 /* MemeMe.app */,
			);
			name = Products;
			sourceTree = "<group>";
		};
		7218D5EF1CE62ED000D23EC9 /* MemeMe */ = {
			isa = PBXGroup;
			children = (
				7218D5F01CE62ED000D23EC9 /* AppDelegate.swift */,
				7218D5F21CE62ED000D23EC9 /* ViewController.swift */,
				7218D5F41CE62ED000D23EC9 /* Main.storyboard */,
				7218D5F71CE62ED000D23EC9 /* Assets.xcassets */,
				7218D5F91CE62ED000D23EC9 /* LaunchScreen.storyboard */,
				7218D5FC1CE62ED000D23EC9 /* Info.plist */,
				723FA4591CED56C200A2075F /* CustomTextFieldDelegate.swift */,
			);
			path = MemeMe;
			sourceTree = "<group>";
		};
/* End PBXGroup section */

/* Begin PBXNativeTarget section */
		7218D5EC1CE62ED000D23EC9 /* MemeMe */ = {
			isa = PBXNativeTarget;
			buildConfigurationList = 7218D5FF1CE62ED000D23EC9 /* Build configuration list for PBXNativeTarget "MemeMe" */;
			buildPhases = (
				7218D5E91CE62ED000D23EC9 /* Sources */,
				7218D5EA1CE62ED000D23EC9 /* Frameworks */,
				7218D5EB1CE62ED000D23EC9 /* Resources */,
			);
			buildRules = (
			);
			dependencies = (
			);
			name = MemeMe;
			productName = MemeMe;
			productReference = 7218D5ED1CE62ED000D23EC9 /* MemeMe.app */;
			productType = "com.apple.product-type.application";
		};
/* End PBXNativeTarget section */

/* Begin PBXProject section */
		7218D5E51CE62ED000D23EC9 /* Project object */ = {
			isa = PBXProject;
			attributes = {
				LastSwiftUpdateCheck = 0730;
				LastUpgradeCheck = 0730;
				ORGANIZATIONNAME = "OKO Baycity";
				TargetAttributes = {
					7218D5EC1CE62ED000D23EC9 = {
						CreatedOnToolsVersion = 7.3.1;
						DevelopmentTeam = Q24P5J7EKS;
					};
				};
			};
			buildConfigurationList = 7218D5E81CE62ED000D23EC9 /* Build configuration list for PBXProject "MemeMe" */;
			compatibilityVersion = "Xcode 3.2";
			developmentRegion = English;
			hasScannedForEncodings = 0;
			knownRegions = (
				en,
				Base,
			);
			mainGroup = 7218D5E41CE62ED000D23EC9;
			productRefGroup = 7218D5EE1CE62ED000D23EC9 /* Products */;
			projectDirPath = "";
			projectRoot = "";
			targets = (
				7218D5EC1CE62ED000D23EC9 /* MemeMe */,
			);
		};
/* End PBXProject section */

/* Begin PBXResourcesBuildPhase section */
		7218D5EB1CE62ED000D23EC9 /* Resources */ = {
			isa = PBXResourcesBuildPhase;
			buildActionMask = 2147483647;
			files = (
				7218D5FB1CE62ED000D23EC9 /* LaunchScreen.storyboard in Resources */,
				7218D5F81CE62ED000D23EC9 /* Assets.xcassets in Resources */,
				7218D5F61CE62ED000D23EC9 /* Main.storyboard in Resources */,
			);
			runOnlyForDeploymentPostprocessing = 0;
		};
/* End PBXResourcesBuildPhase section */

/* Begin PBXSourcesBuildPhase section */
		7218D5E91CE62ED000D23EC9 /* Sources */ = {
			isa = PBXSourcesBuildPhase;
			buildActionMask = 2147483647;
			files = (
				7218D5F31CE62ED000D23EC9 /* ViewController.swift in Sources */,
				723FA45A1CED56C200A2075F /* CustomTextFieldDelegate.swift in Sources */,
				7218D5F11CE62ED000D23EC9 /* AppDelegate.swift in Sources */,
			);
			runOnlyForDeploymentPostprocessing = 0;
		};
/* End PBXSourcesBuildPhase section */

/* Begin PBXVariantGroup section */
		7218D5F41CE62ED000D23EC9 /* Main.storyboard */ = {
			isa = PBXVariantGroup;
			children = (
				7218D5F51CE62ED000D23EC9 /* Base */,
			);
			name = Main.storyboard;
			sourceTree = "<group>";
		};
		7218D5F91CE62ED000D23EC9 /* LaunchScreen.storyboard */ = {
			isa = PBXVariantGroup;
			children = (
				7218D5FA1CE62ED000D23EC9 /* Base */,
			);
			name = LaunchScreen.storyboard;
			sourceTree = "<group>";
		};
/* End PBXVariantGroup section */

/* Begin XCBuildConfiguration section */
		7218D5FD1CE62ED000D23EC9 /* Debug */ = {
			isa = XCBuildConfiguration;
			buildSettings = {
				ALWAYS_SEARCH_USER_PATHS = NO;
				CLANG_ANALYZER_NONNULL = YES;
				CLANG_CXX_LANGUAGE_STANDARD = "gnu++0x";
				CLANG_CXX_LIBRARY = "libc++";
				CLANG_ENABLE_MODULES = YES;
				CLANG_ENABLE_OBJC_ARC = YES;
				CLANG_WARN_BOOL_CONVERSION = YES;
				CLANG_WARN_CONSTANT_CONVERSION = YES;
				CLANG_WARN_DIRECT_OBJC_ISA_USAGE = YES_ERROR;
				CLANG_WARN_EMPTY_BODY = YES;
				CLANG_WARN_ENUM_CONVERSION = YES;
				CLANG_WARN_INT_CONVERSION = YES;
				CLANG_WARN_OBJC_ROOT_CLASS = YES_ERROR;
				CLANG_WARN_UNREACHABLE_CODE = YES;
				CLANG_WARN__DUPLICATE_METHOD_MATCH = YES;
				"CODE_SIGN_IDENTITY[sdk=iphoneos*]" = "iPhone Developer";
				COPY_PHASE_STRIP = NO;
				DEBUG_INFORMATION_FORMAT = dwarf;
				ENABLE_STRICT_OBJC_MSGSEND = YES;
				ENABLE_TESTABILITY = YES;
				GCC_C_LANGUAGE_STANDARD = gnu99;
				GCC_DYNAMIC_NO_PIC = NO;
				GCC_NO_COMMON_BLOCKS = YES;
				GCC_OPTIMIZATION_LEVEL = 0;
				GCC_PREPROCESSOR_DEFINITIONS = (
					"DEBUG=1",
					"$(inherited)",
				);
				GCC_WARN_64_TO_32_BIT_CONVERSION = YES;
				GCC_WARN_ABOUT_RETURN_TYPE = YES_ERROR;
				GCC_WARN_UNDECLARED_SELECTOR = YES;
				GCC_WARN_UNINITIALIZED_AUTOS = YES_AGGRESSIVE;
				GCC_WARN_UNUSED_FUNCTION = YES;
				GCC_WARN_UNUSED_VARIABLE = YES;
				IPHONEOS_DEPLOYMENT_TARGET = 9.3;
				MTL_ENABLE_DEBUG_INFO = YES;
				ONLY_ACTIVE_ARCH = YES;
				SDKROOT = iphoneos;
				SWIFT_OPTIMIZATION_LEVEL = "-Onone";
				TARGETED_DEVICE_FAMILY = "1,2";
			};
			name = Debug;
		};
		7218D5FE1CE62ED000D23EC9 /* Release */ = {
			isa = XCBuildConfiguration;
			buildSettings = {
				ALWAYS_SEARCH_USER_PATHS = NO;
				CLANG_ANALYZER_NONNULL = YES;
				CLANG_CXX_LANGUAGE_STANDARD = "gnu++0x";
				CLANG_CXX_LIBRARY = "libc++";
				CLANG_ENABLE_MODULES = YES;
				CLANG_ENABLE_OBJC_ARC = YES;
				CLANG_WARN_BOOL_CONVERSION = YES;
				CLANG_WARN_CONSTANT_CONVERSION = YES;
				CLANG_WARN_DIRECT_OBJC_ISA_USAGE = YES_ERROR;
				CLANG_WARN_EMPTY_BODY = YES;
				CLANG_WARN_ENUM_CONVERSION = YES;
				CLANG_WARN_INT_CONVERSION = YES;
				CLANG_WARN_OBJC_ROOT_CLASS = YES_ERROR;
				CLANG_WARN_UNREACHABLE_CODE = YES;
				CLANG_WARN__DUPLICATE_METHOD_MATCH = YES;
				"CODE_SIGN_IDENTITY[sdk=iphoneos*]" = "iPhone Developer";
				COPY_PHASE_STRIP = NO;
				DEBUG_INFORMATION_FORMAT = "dwarf-with-dsym";
				ENABLE_NS_ASSERTIONS = NO;
				ENABLE_STRICT_OBJC_MSGSEND = YES;
				GCC_C_LANGUAGE_STANDARD = gnu99;
				GCC_NO_COMMON_BLOCKS = YES;
				GCC_WARN_64_TO_32_BIT_CONVERSION = YES;
				GCC_WARN_ABOUT_RETURN_TYPE = YES_ERROR;
				GCC_WARN_UNDECLARED_SELECTOR = YES;
				GCC_WARN_UNINITIALIZED_AUTOS = YES_AGGRESSIVE;
				GCC_WARN_UNUSED_FUNCTION = YES;
				GCC_WARN_UNUSED_VARIABLE = YES;
				IPHONEOS_DEPLOYMENT_TARGET = 9.3;
				MTL_ENABLE_DEBUG_INFO = NO;
				SDKROOT = iphoneos;
				TARGETED_DEVICE_FAMILY = "1,2";
				VALIDATE_PRODUCT = YES;
			};
			name = Release;
		};
		7218D6001CE62ED000D23EC9 /* Debug */ = {
			isa = XCBuildConfiguration;
			buildSettings = {
				ASSETCATALOG_COMPILER_APPICON_NAME = AppIcon;
				CODE_SIGN_IDENTITY = "iPhone Developer";
				"CODE_SIGN_IDENTITY[sdk=iphoneos*]" = "iPhone Developer";
				INFOPLIST_FILE = MemeMe/Info.plist;
				LD_RUNPATH_SEARCH_PATHS = "$(inherited) @executable_path/Frameworks";
				PRODUCT_BUNDLE_IDENTIFIER = okobaycity.ios.MemeMe;
				PRODUCT_NAME = "$(TARGET_NAME)";
				PROVISIONING_PROFILE = "";
			};
			name = Debug;
		};
		7218D6011CE62ED000D23EC9 /* Release */ = {
			isa = XCBuildConfiguration;
			buildSettings = {
				ASSETCATALOG_COMPILER_APPICON_NAME = AppIcon;
				CODE_SIGN_IDENTITY = "iPhone Developer";
				"CODE_SIGN_IDENTITY[sdk=iphoneos*]" = "iPhone Developer";
				INFOPLIST_FILE = MemeMe/Info.plist;
				LD_RUNPATH_SEARCH_PATHS = "$(inherited) @executable_path/Frameworks";
				PRODUCT_BUNDLE_IDENTIFIER = okobaycity.ios.MemeMe;
				PRODUCT_NAME = "$(TARGET_NAME)";
				PROVISIONING_PROFILE = "";
			};
			name = Release;
		};
/* End XCBuildConfiguration section */

/* Begin XCConfigurationList section */
		7218D5E81CE62ED000D23EC9 /* Build configuration list for PBXProject "MemeMe" */ = {
			isa = XCConfigurationList;
			buildConfigurations = (
				7218D5FD1CE62ED000D23EC9 /* Debug */,
				7218D5FE1CE62ED000D23EC9 /* Release */,
			);
			defaultConfigurationIsVisible = 0;
			defaultConfigurationName = Release;
		};
		7218D5FF1CE62ED000D23EC9 /* Build configuration list for PBXNativeTarget "MemeMe" */ = {
			isa = XCConfigurationList;
			buildConfigurations = (
				7218D6001CE62ED000D23EC9 /* Debug */,
				7218D6011CE62ED000D23EC9 /* Release */,
			);
			defaultConfigurationIsVisible = 0;
			defaultConfigurationName = Release;
		};
/* End XCConfigurationList section */
	};
	rootObject = 7218D5E51CE62ED000D23EC9 /* Project object */;
}
